<?xml version="1.0" encoding="utf-8"?>
<Project ToolsVersion="4.0" xmlns="http://schemas.microsoft.com/developer/msbuild/2003">
  <ItemGroup>
    <Filter Include="FrameWork">
      <UniqueIdentifier>{019778e3-1fb2-4fae-8736-5fea917cb64b}</UniqueIdentifier>
    </Filter>
    <Filter Include="FrameWork\Node">
      <UniqueIdentifier>{773cf89e-f8f0-4275-a7c2-82608b74110d}</UniqueIdentifier>
    </Filter>
    <Filter Include="Game">
      <UniqueIdentifier>{fe56aeb2-d0a7-4e00-9bd5-b9432ab0840c}</UniqueIdentifier>
    </Filter>
  </ItemGroup>
  <ItemGroup>
    <ClInclude Include="stdafx.h" />
    <ClInclude Include="SingleTon.h">
      <Filter>FrameWork</Filter>
    </ClInclude>
    <ClInclude Include="Object.h">
      <Filter>FrameWork\Node</Filter>
    </ClInclude>
    <ClInclude Include="Scene.h" />
    <ClInclude Include="Sprite.h" />
    <ClInclude Include="Texture.h" />
    <ClInclude Include="Director.h">
      <Filter>FrameWork</Filter>
    </ClInclude>
  </ItemGroup>
  <ItemGroup>
    <ClCompile Include="stdafx.cpp" />
    <ClCompile Include="Object.cpp">
      <Filter>FrameWork\Node</Filter>
    </ClCompile>
    <ClCompile Include="Scene.cpp" />
    <ClCompile Include="Sprite.cpp" />
    <ClCompile Include="Texture.cpp" />
    <ClCompile Include="Director.cpp">
      <Filter>FrameWork</Filter>
    </ClCompile>
  </ItemGroup>
</Project>