<?xml version="1.0" encoding="utf-8"?>
<Project ToolsVersion="4.0" xmlns="http://schemas.microsoft.com/developer/msbuild/2003">
  <ItemGroup>
    <Filter Include="FrameWork">
      <UniqueIdentifier>{019778e3-1fb2-4fae-8736-5fea917cb64b}</UniqueIdentifier>
    </Filter>
    <Filter Include="FrameWork\Node">
      <UniqueIdentifier>{773cf89e-f8f0-4275-a7c2-82608b74110d}</UniqueIdentifier>
    </Filter>
    <Filter Include="Game">
      <UniqueIdentifier>{fe56aeb2-d0a7-4e00-9bd5-b9432ab0840c}</UniqueIdentifier>
    </Filter>
    <Filter Include="FrameWork\Node2">
      <UniqueIdentifier>{e2fbe554-5b4b-4e9a-a2d7-8fb99ccad017}</UniqueIdentifier>
    </Filter>
    <Filter Include="Game\Scene">
      <UniqueIdentifier>{83308c83-21f8-4570-8fd8-01aab66b405e}</UniqueIdentifier>
    </Filter>
    <Filter Include="Game\Unit">
      <UniqueIdentifier>{d24c9429-eb20-4ed2-9563-f1d551da70d4}</UniqueIdentifier>
    </Filter>
    <Filter Include="FrameWork\Manager">
      <UniqueIdentifier>{8d2172bd-e255-425e-8150-713ac0dafdd6}</UniqueIdentifier>
    </Filter>
    <Filter Include="Game\UI">
      <UniqueIdentifier>{d25067b9-00d3-4368-b5d4-56330a022ba0}</UniqueIdentifier>
    </Filter>
    <Filter Include="Game\Item">
      <UniqueIdentifier>{48aed2ea-8764-4496-a771-27a359cca518}</UniqueIdentifier>
    </Filter>
    <Filter Include="Game\Bullet">
      <UniqueIdentifier>{dcce6baf-ad1e-4baa-b41c-6efe359c15e1}</UniqueIdentifier>
    </Filter>
    <Filter Include="Game\Unit\Enemy">
      <UniqueIdentifier>{d8d00c14-d812-4b7a-991f-384461331b5f}</UniqueIdentifier>
    </Filter>
    <Filter Include="Game\Unit\Player">
      <UniqueIdentifier>{36fcdf87-46d2-4b77-ba73-f4f842b62418}</UniqueIdentifier>
    </Filter>
  </ItemGroup>
  <ItemGroup>
    <ClInclude Include="Object.h">
      <Filter>FrameWork\Node</Filter>
    </ClInclude>
    <ClInclude Include="Director.h">
      <Filter>FrameWork\Node2</Filter>
    </ClInclude>
    <ClInclude Include="Renderer.h">
      <Filter>FrameWork\Node2</Filter>
    </ClInclude>
    <ClInclude Include="SingleTon.h">
      <Filter>FrameWork\Node2</Filter>
    </ClInclude>
    <ClInclude Include="Scene.h">
      <Filter>FrameWork\Node</Filter>
    </ClInclude>
    <ClInclude Include="Sprite.h">
      <Filter>FrameWork\Node</Filter>
    </ClInclude>
    <ClInclude Include="Texture.h">
      <Filter>FrameWork\Node</Filter>
    </ClInclude>
    <ClInclude Include="Application.h">
      <Filter>FrameWork\Node2</Filter>
    </ClInclude>
    <ClInclude Include="Input.h">
      <Filter>FrameWork\Node2</Filter>
    </ClInclude>
    <ClInclude Include="Intro.h">
      <Filter>Game\Scene</Filter>
    </ClInclude>
    <ClInclude Include="MainMenu.h">
      <Filter>Game\Scene</Filter>
    </ClInclude>
    <ClInclude Include="Stage1.h">
      <Filter>Game\Scene</Filter>
    </ClInclude>
    <ClInclude Include="GameTime.h">
      <Filter>FrameWork\Node2</Filter>
    </ClInclude>
    <ClInclude Include="AnimationSprite.h">
      <Filter>FrameWork\Node2</Filter>
    </ClInclude>
    <ClInclude Include="Collision.h">
      <Filter>FrameWork\Node</Filter>
    </ClInclude>
    <ClInclude Include="BackGround.h">
      <Filter>Game\Scene</Filter>
    </ClInclude>
    <ClInclude Include="stdafx.h">
      <Filter>FrameWork\Node2</Filter>
    </ClInclude>
    <ClInclude Include="BulletMgr.h">
      <Filter>FrameWork\Manager</Filter>
    </ClInclude>
    <ClInclude Include="CollisionMgr.h">
      <Filter>FrameWork\Manager</Filter>
    </ClInclude>
    <ClInclude Include="PlayerMgr.h">
      <Filter>FrameWork\Manager</Filter>
    </ClInclude>
    <ClInclude Include="ResourceMgr.h">
      <Filter>FrameWork\Manager</Filter>
    </ClInclude>
    <ClInclude Include="Item.h">
      <Filter>Game\Item</Filter>
    </ClInclude>
    <ClInclude Include="Weapon.h">
      <Filter>Game\UI</Filter>
    </ClInclude>
    <ClInclude Include="Bullet.h">
      <Filter>Game\Bullet</Filter>
    </ClInclude>
    <ClInclude Include="TripleBullet.h">
      <Filter>Game\Bullet</Filter>
    </ClInclude>
    <ClInclude Include="ProgressRate.h">
      <Filter>Game\UI</Filter>
    </ClInclude>
    <ClInclude Include="ItemMgr.h">
      <Filter>FrameWork\Manager</Filter>
    </ClInclude>
    <ClInclude Include="Torpedo.h">
      <Filter>Game\Bullet</Filter>
    </ClInclude>
    <ClInclude Include="Misille.h">
      <Filter>Game\Bullet</Filter>
    </ClInclude>
    <ClInclude Include="Urak.h">
      <Filter>Game\Unit\Enemy</Filter>
    </ClInclude>
    <ClInclude Include="Label.h" />
    <ClInclude Include="RedUrak.h">
      <Filter>Game\Unit\Enemy</Filter>
    </ClInclude>
    <ClInclude Include="AddOnPlayer.h">
      <Filter>Game\Unit\Player</Filter>
    </ClInclude>
    <ClInclude Include="Player.h">
      <Filter>Game\Unit\Player</Filter>
    </ClInclude>
    <ClInclude Include="EnemySpawner.h">
      <Filter>Game\Unit\Enemy</Filter>
    </ClInclude>
  </ItemGroup>
  <ItemGroup>
    <ClCompile Include="Object.cpp">
      <Filter>FrameWork\Node</Filter>
    </ClCompile>
    <ClCompile Include="Director.cpp">
      <Filter>FrameWork\Node2</Filter>
    </ClCompile>
    <ClCompile Include="Renderer.cpp">
      <Filter>FrameWork\Node2</Filter>
    </ClCompile>
    <ClCompile Include="Scene.cpp">
      <Filter>FrameWork\Node</Filter>
    </ClCompile>
    <ClCompile Include="Sprite.cpp">
      <Filter>FrameWork\Node</Filter>
    </ClCompile>
    <ClCompile Include="Texture.cpp">
      <Filter>FrameWork\Node</Filter>
    </ClCompile>
    <ClCompile Include="Application.cpp">
      <Filter>FrameWork\Node2</Filter>
    </ClCompile>
    <ClCompile Include="Input.cpp">
      <Filter>FrameWork\Node2</Filter>
    </ClCompile>
    <ClCompile Include="Intro.cpp">
      <Filter>Game\Scene</Filter>
    </ClCompile>
    <ClCompile Include="WinMain.cpp" />
    <ClCompile Include="MainMenu.cpp">
      <Filter>Game\Scene</Filter>
    </ClCompile>
    <ClCompile Include="Stage1.cpp">
      <Filter>Game\Scene</Filter>
    </ClCompile>
    <ClCompile Include="GameTime.cpp">
      <Filter>FrameWork\Node2</Filter>
    </ClCompile>
    <ClCompile Include="AnimationSprite.cpp">
      <Filter>FrameWork\Node2</Filter>
    </ClCompile>
    <ClCompile Include="Collision.cpp">
      <Filter>FrameWork\Node</Filter>
    </ClCompile>
    <ClCompile Include="BackGround.cpp">
      <Filter>Game\Scene</Filter>
    </ClCompile>
    <ClCompile Include="stdafx.cpp">
      <Filter>FrameWork\Node2</Filter>
    </ClCompile>
    <ClCompile Include="BulletMgr.cpp">
      <Filter>FrameWork\Manager</Filter>
    </ClCompile>
    <ClCompile Include="CollisionMgr.cpp">
      <Filter>FrameWork\Manager</Filter>
    </ClCompile>
    <ClCompile Include="PlayerMgr.cpp">
      <Filter>FrameWork\Manager</Filter>
    </ClCompile>
    <ClCompile Include="ResourceMgr.cpp">
      <Filter>FrameWork\Manager</Filter>
    </ClCompile>
    <ClCompile Include="Item.cpp">
      <Filter>Game\Item</Filter>
    </ClCompile>
    <ClCompile Include="Weapon.cpp">
      <Filter>Game\UI</Filter>
    </ClCompile>
    <ClCompile Include="Bullet.cpp">
      <Filter>Game\Bullet</Filter>
    </ClCompile>
    <ClCompile Include="TripleBullet.cpp">
      <Filter>Game\Bullet</Filter>
    </ClCompile>
    <ClCompile Include="ProgressRate.cpp">
      <Filter>Game\UI</Filter>
    </ClCompile>
    <ClCompile Include="ItemMgr.cpp">
      <Filter>FrameWork\Manager</Filter>
    </ClCompile>
    <ClCompile Include="Torpedo.cpp">
      <Filter>Game\Bullet</Filter>
    </ClCompile>
    <ClCompile Include="Misille.cpp">
      <Filter>Game\Bullet</Filter>
    </ClCompile>
    <ClCompile Include="Urak.cpp">
      <Filter>Game\Unit\Enemy</Filter>
    </ClCompile>
    <ClCompile Include="Label.cpp" />
    <ClCompile Include="RedUrak.cpp">
      <Filter>Game\Unit\Enemy</Filter>
    </ClCompile>
    <ClCompile Include="AddOnPlayer.cpp">
      <Filter>Game\Unit\Player</Filter>
    </ClCompile>
    <ClCompile Include="Player.cpp">
      <Filter>Game\Unit\Player</Filter>
    </ClCompile>
    <ClCompile Include="EnemySpawner.cpp">
      <Filter>Game\Unit\Enemy</Filter>
    </ClCompile>
  </ItemGroup>
</Project>