<?xml version="1.0" encoding="utf-8"?>
<Project ToolsVersion="4.0" xmlns="http://schemas.microsoft.com/developer/msbuild/2003">
  <ItemGroup>
    <Filter Include="FrameWork">
      <UniqueIdentifier>{019778e3-1fb2-4fae-8736-5fea917cb64b}</UniqueIdentifier>
    </Filter>
    <Filter Include="FrameWork\Node">
      <UniqueIdentifier>{773cf89e-f8f0-4275-a7c2-82608b74110d}</UniqueIdentifier>
    </Filter>
    <Filter Include="Game">
      <UniqueIdentifier>{fe56aeb2-d0a7-4e00-9bd5-b9432ab0840c}</UniqueIdentifier>
    </Filter>
    <Filter Include="FrameWork\Node2">
      <UniqueIdentifier>{e2fbe554-5b4b-4e9a-a2d7-8fb99ccad017}</UniqueIdentifier>
    </Filter>
    <Filter Include="Game\Scene">
      <UniqueIdentifier>{83308c83-21f8-4570-8fd8-01aab66b405e}</UniqueIdentifier>
    </Filter>
    <Filter Include="Game\Unit">
      <UniqueIdentifier>{d24c9429-eb20-4ed2-9563-f1d551da70d4}</UniqueIdentifier>
    </Filter>
  </ItemGroup>
  <ItemGroup>
    <ClInclude Include="stdafx.h" />
    <ClInclude Include="Object.h">
      <Filter>FrameWork\Node</Filter>
    </ClInclude>
    <ClInclude Include="Director.h">
      <Filter>FrameWork\Node2</Filter>
    </ClInclude>
    <ClInclude Include="Renderer.h">
      <Filter>FrameWork\Node2</Filter>
    </ClInclude>
    <ClInclude Include="SingleTon.h">
      <Filter>FrameWork\Node2</Filter>
    </ClInclude>
    <ClInclude Include="Scene.h">
      <Filter>FrameWork\Node</Filter>
    </ClInclude>
    <ClInclude Include="Sprite.h">
      <Filter>FrameWork\Node</Filter>
    </ClInclude>
    <ClInclude Include="Texture.h">
      <Filter>FrameWork\Node</Filter>
    </ClInclude>
    <ClInclude Include="Application.h">
      <Filter>FrameWork\Node2</Filter>
    </ClInclude>
    <ClInclude Include="Input.h">
      <Filter>FrameWork\Node2</Filter>
    </ClInclude>
    <ClInclude Include="ResourceMgr.h">
      <Filter>FrameWork\Node2</Filter>
    </ClInclude>
    <ClInclude Include="Intro.h">
      <Filter>Game\Scene</Filter>
    </ClInclude>
    <ClInclude Include="PlayerMgr.h">
      <Filter>FrameWork\Node2</Filter>
    </ClInclude>
    <ClInclude Include="BackGround.h">
      <Filter>Game</Filter>
    </ClInclude>
    <ClInclude Include="MainMenu.h">
      <Filter>Game\Scene</Filter>
    </ClInclude>
    <ClInclude Include="Stage1.h">
      <Filter>Game\Scene</Filter>
    </ClInclude>
    <ClInclude Include="Player.h">
      <Filter>Game\Unit</Filter>
    </ClInclude>
    <ClInclude Include="GameTime.h">
      <Filter>FrameWork\Node2</Filter>
    </ClInclude>
    <ClInclude Include="AnimationSprite.h">
      <Filter>FrameWork\Node2</Filter>
    </ClInclude>
    <ClInclude Include="Collision.h">
      <Filter>FrameWork\Node</Filter>
    </ClInclude>
    <ClInclude Include="BulletMgr.h">
      <Filter>FrameWork\Node2</Filter>
    </ClInclude>
    <ClInclude Include="Bullet.h">
      <Filter>FrameWork\Node2</Filter>
    </ClInclude>
    <ClInclude Include="CollisionMgr.h">
      <Filter>FrameWork\Node2</Filter>
    </ClInclude>
  </ItemGroup>
  <ItemGroup>
    <ClCompile Include="stdafx.cpp" />
    <ClCompile Include="Object.cpp">
      <Filter>FrameWork\Node</Filter>
    </ClCompile>
    <ClCompile Include="Director.cpp">
      <Filter>FrameWork\Node2</Filter>
    </ClCompile>
    <ClCompile Include="Renderer.cpp">
      <Filter>FrameWork\Node2</Filter>
    </ClCompile>
    <ClCompile Include="Scene.cpp">
      <Filter>FrameWork\Node</Filter>
    </ClCompile>
    <ClCompile Include="Sprite.cpp">
      <Filter>FrameWork\Node</Filter>
    </ClCompile>
    <ClCompile Include="Texture.cpp">
      <Filter>FrameWork\Node</Filter>
    </ClCompile>
    <ClCompile Include="Application.cpp">
      <Filter>FrameWork\Node2</Filter>
    </ClCompile>
    <ClCompile Include="Input.cpp">
      <Filter>FrameWork\Node2</Filter>
    </ClCompile>
    <ClCompile Include="ResourceMgr.cpp">
      <Filter>FrameWork\Node2</Filter>
    </ClCompile>
    <ClCompile Include="Intro.cpp">
      <Filter>Game\Scene</Filter>
    </ClCompile>
    <ClCompile Include="WinMain.cpp" />
    <ClCompile Include="PlayerMgr.cpp">
      <Filter>FrameWork\Node2</Filter>
    </ClCompile>
    <ClCompile Include="BackGround.cpp">
      <Filter>Game</Filter>
    </ClCompile>
    <ClCompile Include="MainMenu.cpp">
      <Filter>Game\Scene</Filter>
    </ClCompile>
    <ClCompile Include="Stage1.cpp">
      <Filter>Game\Scene</Filter>
    </ClCompile>
    <ClCompile Include="Player.cpp">
      <Filter>Game\Unit</Filter>
    </ClCompile>
    <ClCompile Include="GameTime.cpp">
      <Filter>FrameWork\Node2</Filter>
    </ClCompile>
    <ClCompile Include="AnimationSprite.cpp">
      <Filter>FrameWork\Node2</Filter>
    </ClCompile>
    <ClCompile Include="Collision.cpp">
      <Filter>FrameWork\Node</Filter>
    </ClCompile>
    <ClCompile Include="Bullet.cpp">
      <Filter>FrameWork\Node2</Filter>
    </ClCompile>
    <ClCompile Include="BulletMgr.cpp">
      <Filter>FrameWork\Node2</Filter>
    </ClCompile>
    <ClCompile Include="CollisionMgr.cpp">
      <Filter>FrameWork\Node2</Filter>
    </ClCompile>
  </ItemGroup>
</Project>